
Microsoft Visual Studio Solution File, Format Version 12.00
# Visual Studio Version 17
VisualStudioVersion = 17.11.35327.3
MinimumVisualStudioVersion = 10.0.40219.1
Project("{FAE04EC0-301F-11D3-BF4B-00C04F79EFBC}") = "Real Estate Management System", "Real Estate Management System.csproj", "{15C2F275-3D8B-49C0-A5D0-18158A8F76DF}"
EndProject
Project("{2150E333-8FDC-42A3-9474-1A3956D46DE8}") = "WebAPI", "WebAPI", "{764AF7D5-4CCE-4D94-AC29-EEB0BC449FAA}"
EndProject
Project("{2150E333-8FDC-42A3-9474-1A3956D46DE8}") = "Domain", "Domain", "{ACDDA505-EA39-42B7-B932-A8D25B1CDD22}"
EndProject
Project("{2150E333-8FDC-42A3-9474-1A3956D46DE8}") = "Infrastructure", "Infrastructure", "{A58A7FCD-DDCF-470B-8A44-65BC043B75FD}"
EndProject
Project("{2150E333-8FDC-42A3-9474-1A3956D46DE8}") = "Application", "Application", "{F9DD467E-8EE3-488C-8024-090E2E2CD6BC}"
EndProject
Project("{2150E333-8FDC-42A3-9474-1A3956D46DE8}") = "src", "src", "{D65BCC1E-7D70-428C-8D55-EA10D5462B47}"
EndProject
Project("{2150E333-8FDC-42A3-9474-1A3956D46DE8}") = "tests", "tests", "{1CE94D80-CBE5-45DB-9369-F7DEB1378AAA}"
EndProject
Project("{2150E333-8FDC-42A3-9474-1A3956D46DE8}") = "Unit tests", "Unit tests", "{08030DE1-5AA0-47D0-A216-3CBF52CC23F2}"
EndProject
Project("{FAE04EC0-301F-11D3-BF4B-00C04F79EFBC}") = "Domain", "..\Domain\Domain\Domain.csproj", "{88567517-8F5D-48D8-8CE0-9F7CC1F8F509}"
EndProject
Project("{FAE04EC0-301F-11D3-BF4B-00C04F79EFBC}") = "Application", "..\Application\Application\Application.csproj", "{829A6869-F465-4090-BBB7-CE88EB364973}"
EndProject
Project("{FAE04EC0-301F-11D3-BF4B-00C04F79EFBC}") = "Infrastructure", "..\Infrastructure\Infrastructure\Infrastructure.csproj", "{B065A149-EB2A-4A8D-923D-AF363816C558}"
EndProject
Global
	GlobalSection(SolutionConfigurationPlatforms) = preSolution
		Debug|Any CPU = Debug|Any CPU
		Release|Any CPU = Release|Any CPU
	EndGlobalSection
	GlobalSection(ProjectConfigurationPlatforms) = postSolution
		{15C2F275-3D8B-49C0-A5D0-18158A8F76DF}.Debug|Any CPU.ActiveCfg = Debug|Any CPU
		{15C2F275-3D8B-49C0-A5D0-18158A8F76DF}.Debug|Any CPU.Build.0 = Debug|Any CPU
		{15C2F275-3D8B-49C0-A5D0-18158A8F76DF}.Release|Any CPU.ActiveCfg = Release|Any CPU
		{15C2F275-3D8B-49C0-A5D0-18158A8F76DF}.Release|Any CPU.Build.0 = Release|Any CPU
		{88567517-8F5D-48D8-8CE0-9F7CC1F8F509}.Debug|Any CPU.ActiveCfg = Debug|Any CPU
		{88567517-8F5D-48D8-8CE0-9F7CC1F8F509}.Debug|Any CPU.Build.0 = Debug|Any CPU
		{88567517-8F5D-48D8-8CE0-9F7CC1F8F509}.Release|Any CPU.ActiveCfg = Release|Any CPU
		{88567517-8F5D-48D8-8CE0-9F7CC1F8F509}.Release|Any CPU.Build.0 = Release|Any CPU
		{829A6869-F465-4090-BBB7-CE88EB364973}.Debug|Any CPU.ActiveCfg = Debug|Any CPU
		{829A6869-F465-4090-BBB7-CE88EB364973}.Debug|Any CPU.Build.0 = Debug|Any CPU
		{829A6869-F465-4090-BBB7-CE88EB364973}.Release|Any CPU.ActiveCfg = Release|Any CPU
		{829A6869-F465-4090-BBB7-CE88EB364973}.Release|Any CPU.Build.0 = Release|Any CPU
		{B065A149-EB2A-4A8D-923D-AF363816C558}.Debug|Any CPU.ActiveCfg = Debug|Any CPU
		{B065A149-EB2A-4A8D-923D-AF363816C558}.Debug|Any CPU.Build.0 = Debug|Any CPU
		{B065A149-EB2A-4A8D-923D-AF363816C558}.Release|Any CPU.ActiveCfg = Release|Any CPU
		{B065A149-EB2A-4A8D-923D-AF363816C558}.Release|Any CPU.Build.0 = Release|Any CPU
	EndGlobalSection
	GlobalSection(SolutionProperties) = preSolution
		HideSolutionNode = FALSE
	EndGlobalSection
	GlobalSection(NestedProjects) = preSolution
		{15C2F275-3D8B-49C0-A5D0-18158A8F76DF} = {764AF7D5-4CCE-4D94-AC29-EEB0BC449FAA}
		{764AF7D5-4CCE-4D94-AC29-EEB0BC449FAA} = {D65BCC1E-7D70-428C-8D55-EA10D5462B47}
		{ACDDA505-EA39-42B7-B932-A8D25B1CDD22} = {D65BCC1E-7D70-428C-8D55-EA10D5462B47}
		{A58A7FCD-DDCF-470B-8A44-65BC043B75FD} = {D65BCC1E-7D70-428C-8D55-EA10D5462B47}
		{F9DD467E-8EE3-488C-8024-090E2E2CD6BC} = {D65BCC1E-7D70-428C-8D55-EA10D5462B47}
		{08030DE1-5AA0-47D0-A216-3CBF52CC23F2} = {1CE94D80-CBE5-45DB-9369-F7DEB1378AAA}
		{88567517-8F5D-48D8-8CE0-9F7CC1F8F509} = {ACDDA505-EA39-42B7-B932-A8D25B1CDD22}
		{829A6869-F465-4090-BBB7-CE88EB364973} = {F9DD467E-8EE3-488C-8024-090E2E2CD6BC}
		{B065A149-EB2A-4A8D-923D-AF363816C558} = {A58A7FCD-DDCF-470B-8A44-65BC043B75FD}
	EndGlobalSection
	GlobalSection(ExtensibilityGlobals) = postSolution
		SolutionGuid = {4F068902-FF20-4043-A11D-49665A4CE748}
	EndGlobalSection
EndGlobal
